// !$*UTF8*$!
{
	archiveVersion = 1;
	classes = {
	};
	objectVersion = 50;
	objects = {

/* Begin PBXBuildFile section */
		F867958B2235D8C4002A126D /* Assets.xcassets in Resources */ = {isa = PBXBuildFile; fileRef = F86795832235D8C3002A126D /* Assets.xcassets */; };
		F867958C2235D8C4002A126D /* WorkoutViewController.swift in Sources */ = {isa = PBXBuildFile; fileRef = F86795842235D8C3002A126D /* WorkoutViewController.swift */; };
		F867958D2235D8C4002A126D /* AppDelegate.swift in Sources */ = {isa = PBXBuildFile; fileRef = F86795852235D8C3002A126D /* AppDelegate.swift */; };
		F867958E2235D8C4002A126D /* LaunchScreen.storyboard in Resources */ = {isa = PBXBuildFile; fileRef = F86795862235D8C3002A126D /* LaunchScreen.storyboard */; };
		F86795902235D8C4002A126D /* Main.storyboard in Resources */ = {isa = PBXBuildFile; fileRef = F86795882235D8C4002A126D /* Main.storyboard */; };
		F86795922235D8C4002A126D /* StartTimerViewController.swift in Sources */ = {isa = PBXBuildFile; fileRef = F867958A2235D8C4002A126D /* StartTimerViewController.swift */; };
		F86795A02235D986002A126D /* Info.plist in Resources */ = {isa = PBXBuildFile; fileRef = F867959F2235D986002A126D /* Info.plist */; };
		F876E1432235DBCF003AC6B7 /* Censored_Beep-Mastercard-569981218.mp3 in Resources */ = {isa = PBXBuildFile; fileRef = F876E1412235DBCF003AC6B7 /* Censored_Beep-Mastercard-569981218.mp3 */; };
		F876E1442235DBCF003AC6B7 /* Bleep-noise.mp3 in Resources */ = {isa = PBXBuildFile; fileRef = F876E1422235DBCF003AC6B7 /* Bleep-noise.mp3 */; };
/* End PBXBuildFile section */

/* Begin PBXFileReference section */
		F867956E2235D815002A126D /* Simple Exercise Timer.app */ = {isa = PBXFileReference; explicitFileType = wrapper.application; includeInIndex = 0; path = "Simple Exercise Timer.app"; sourceTree = BUILT_PRODUCTS_DIR; };
		F86795832235D8C3002A126D /* Assets.xcassets */ = {isa = PBXFileReference; lastKnownFileType = folder.assetcatalog; name = Assets.xcassets; path = "../../Exercise Timer/Exercise Timer/Assets.xcassets"; sourceTree = "<group>"; };
		F86795842235D8C3002A126D /* WorkoutViewController.swift */ = {isa = PBXFileReference; fileEncoding = 4; lastKnownFileType = sourcecode.swift; path = WorkoutViewController.swift; sourceTree = "<group>"; };
		F86795852235D8C3002A126D /* AppDelegate.swift */ = {isa = PBXFileReference; fileEncoding = 4; lastKnownFileType = sourcecode.swift; name = AppDelegate.swift; path = "../../Exercise Timer/Exercise Timer/AppDelegate.swift"; sourceTree = "<group>"; };
		F86795862235D8C3002A126D /* LaunchScreen.storyboard */ = {isa = PBXFileReference; fileEncoding = 4; lastKnownFileType = file.storyboard; path = LaunchScreen.storyboard; sourceTree = "<group>"; };
		F86795882235D8C4002A126D /* Main.storyboard */ = {isa = PBXFileReference; fileEncoding = 4; lastKnownFileType = file.storyboard; path = Main.storyboard; sourceTree = "<group>"; };
		F867958A2235D8C4002A126D /* StartTimerViewController.swift */ = {isa = PBXFileReference; fileEncoding = 4; lastKnownFileType = sourcecode.swift; path = StartTimerViewController.swift; sourceTree = "<group>"; };
		F867959F2235D986002A126D /* Info.plist */ = {isa = PBXFileReference; fileEncoding = 4; lastKnownFileType = text.plist.xml; path = Info.plist; sourceTree = "<group>"; };
		F876E1412235DBCF003AC6B7 /* Censored_Beep-Mastercard-569981218.mp3 */ = {isa = PBXFileReference; lastKnownFileType = audio.mp3; path = "Censored_Beep-Mastercard-569981218.mp3"; sourceTree = "<group>"; };
		F876E1422235DBCF003AC6B7 /* Bleep-noise.mp3 */ = {isa = PBXFileReference; lastKnownFileType = audio.mp3; path = "Bleep-noise.mp3"; sourceTree = "<group>"; };
/* End PBXFileReference section */

/* Begin PBXFrameworksBuildPhase section */
		F867956B2235D815002A126D /* Frameworks */ = {
			isa = PBXFrameworksBuildPhase;
			buildActionMask = 2147483647;
			files = (
			);
			runOnlyForDeploymentPostprocessing = 0;
		};
/* End PBXFrameworksBuildPhase section */

/* Begin PBXGroup section */
		F86795652235D815002A126D = {
			isa = PBXGroup;
			children = (
				F86795702235D815002A126D /* Simple Exercise Timer */,
				F867956F2235D815002A126D /* Products */,
			);
			sourceTree = "<group>";
		};
		F867956F2235D815002A126D /* Products */ = {
			isa = PBXGroup;
			children = (
				F867956E2235D815002A126D /* Simple Exercise Timer.app */,
			);
			name = Products;
			sourceTree = "<group>";
		};
		F86795702235D815002A126D /* Simple Exercise Timer */ = {
			isa = PBXGroup;
			children = (
				F86795852235D8C3002A126D /* AppDelegate.swift */,
				F86795832235D8C3002A126D /* Assets.xcassets */,
				F876E1422235DBCF003AC6B7 /* Bleep-noise.mp3 */,
				F876E1412235DBCF003AC6B7 /* Censored_Beep-Mastercard-569981218.mp3 */,
				F86795882235D8C4002A126D /* Main.storyboard */,
				F86795862235D8C3002A126D /* LaunchScreen.storyboard */,
				F867958A2235D8C4002A126D /* StartTimerViewController.swift */,
				F86795842235D8C3002A126D /* WorkoutViewController.swift */,
				F867959F2235D986002A126D /* Info.plist */,
			);
			path = "Simple Exercise Timer";
			sourceTree = "<group>";
		};
/* End PBXGroup section */

/* Begin PBXNativeTarget section */
		F867956D2235D815002A126D /* Simple Exercise Timer */ = {
			isa = PBXNativeTarget;
			buildConfigurationList = F86795802235D817002A126D /* Build configuration list for PBXNativeTarget "Simple Exercise Timer" */;
			buildPhases = (
				F867956A2235D815002A126D /* Sources */,
				F867956B2235D815002A126D /* Frameworks */,
				F867956C2235D815002A126D /* Resources */,
			);
			buildRules = (
			);
			dependencies = (
			);
			name = "Simple Exercise Timer";
			productName = "Simple Exercise Timer";
			productReference = F867956E2235D815002A126D /* Simple Exercise Timer.app */;
			productType = "com.apple.product-type.application";
		};
/* End PBXNativeTarget section */

/* Begin PBXProject section */
		F86795662235D815002A126D /* Project object */ = {
			isa = PBXProject;
			attributes = {
				LastSwiftUpdateCheck = 1010;
				LastUpgradeCheck = 1010;
				ORGANIZATIONNAME = "Arhan Busam";
				TargetAttributes = {
					F867956D2235D815002A126D = {
						CreatedOnToolsVersion = 10.1;
					};
				};
			};
			buildConfigurationList = F86795692235D815002A126D /* Build configuration list for PBXProject "Simple Exercise Timer" */;
			compatibilityVersion = "Xcode 9.3";
			developmentRegion = en;
			hasScannedForEncodings = 0;
			knownRegions = (
				en,
				Base,
			);
			mainGroup = F86795652235D815002A126D;
			productRefGroup = F867956F2235D815002A126D /* Products */;
			projectDirPath = "";
			projectRoot = "";
			targets = (
				F867956D2235D815002A126D /* Simple Exercise Timer */,
			);
		};
/* End PBXProject section */

/* Begin PBXResourcesBuildPhase section */
		F867956C2235D815002A126D /* Resources */ = {
			isa = PBXResourcesBuildPhase;
			buildActionMask = 2147483647;
			files = (
				F86795902235D8C4002A126D /* Main.storyboard in Resources */,
				F867958B2235D8C4002A126D /* Assets.xcassets in Resources */,
				F876E1442235DBCF003AC6B7 /* Bleep-noise.mp3 in Resources */,
				F86795A02235D986002A126D /* Info.plist in Resources */,
				F867958E2235D8C4002A126D /* LaunchScreen.storyboard in Resources */,
				F876E1432235DBCF003AC6B7 /* Censored_Beep-Mastercard-569981218.mp3 in Resources */,
			);
			runOnlyForDeploymentPostprocessing = 0;
		};
/* End PBXResourcesBuildPhase section */

/* Begin PBXSourcesBuildPhase section */
		F867956A2235D815002A126D /* Sources */ = {
			isa = PBXSourcesBuildPhase;
			buildActionMask = 2147483647;
			files = (
				F867958D2235D8C4002A126D /* AppDelegate.swift in Sources */,
				F867958C2235D8C4002A126D /* WorkoutViewController.swift in Sources */,
				F86795922235D8C4002A126D /* StartTimerViewController.swift in Sources */,
			);
			runOnlyForDeploymentPostprocessing = 0;
		};
/* End PBXSourcesBuildPhase section */

/* Begin XCBuildConfiguration section */
		F867957E2235D817002A126D /* Debug */ = {
			isa = XCBuildConfiguration;
			buildSettings = {
				ALWAYS_SEARCH_USER_PATHS = NO;
				CLANG_ANALYZER_NONNULL = YES;
				CLANG_ANALYZER_NUMBER_OBJECT_CONVERSION = YES_AGGRESSIVE;
				CLANG_CXX_LANGUAGE_STANDARD = "gnu++14";
				CLANG_CXX_LIBRARY = "libc++";
				CLANG_ENABLE_MODULES = YES;
				CLANG_ENABLE_OBJC_ARC = YES;
				CLANG_ENABLE_OBJC_WEAK = YES;
				CLANG_WARN_BLOCK_CAPTURE_AUTORELEASING = YES;
				CLANG_WARN_BOOL_CONVERSION = YES;
				CLANG_WARN_COMMA = YES;
				CLANG_WARN_CONSTANT_CONVERSION = YES;
				CLANG_WARN_DEPRECATED_OBJC_IMPLEMENTATIONS = YES;
				CLANG_WARN_DIRECT_OBJC_ISA_USAGE = YES_ERROR;
				CLANG_WARN_DOCUMENTATION_COMMENTS = YES;
				CLANG_WARN_EMPTY_BODY = YES;
				CLANG_WARN_ENUM_CONVERSION = YES;
				CLANG_WARN_INFINITE_RECURSION = YES;
				CLANG_WARN_INT_CONVERSION = YES;
				CLANG_WARN_NON_LITERAL_NULL_CONVERSION = YES;
				CLANG_WARN_OBJC_IMPLICIT_RETAIN_SELF = YES;
				CLANG_WARN_OBJC_LITERAL_CONVERSION = YES;
				CLANG_WARN_OBJC_ROOT_CLASS = YES_ERROR;
				CLANG_WARN_RANGE_LOOP_ANALYSIS = YES;
				CLANG_WARN_STRICT_PROTOTYPES = YES;
				CLANG_WARN_SUSPICIOUS_MOVE = YES;
				CLANG_WARN_UNGUARDED_AVAILABILITY = YES_AGGRESSIVE;
				CLANG_WARN_UNREACHABLE_CODE = YES;
				CLANG_WARN__DUPLICATE_METHOD_MATCH = YES;
				CODE_SIGN_IDENTITY = "iPhone Developer";
				COPY_PHASE_STRIP = NO;
				DEBUG_INFORMATION_FORMAT = dwarf;
				ENABLE_STRICT_OBJC_MSGSEND = YES;
				ENABLE_TESTABILITY = YES;
				GCC_C_LANGUAGE_STANDARD = gnu11;
				GCC_DYNAMIC_NO_PIC = NO;
				GCC_NO_COMMON_BLOCKS = YES;
				GCC_OPTIMIZATION_LEVEL = 0;
				GCC_PREPROCESSOR_DEFINITIONS = (
					"DEBUG=1",
					"$(inherited)",
				);
				GCC_WARN_64_TO_32_BIT_CONVERSION = YES;
				GCC_WARN_ABOUT_RETURN_TYPE = YES_ERROR;
				GCC_WARN_UNDECLARED_SELECTOR = YES;
				GCC_WARN_UNINITIALIZED_AUTOS = YES_AGGRESSIVE;
				GCC_WARN_UNUSED_FUNCTION = YES;
				GCC_WARN_UNUSED_VARIABLE = YES;
				IPHONEOS_DEPLOYMENT_TARGET = 12.1;
				MTL_ENABLE_DEBUG_INFO = INCLUDE_SOURCE;
				MTL_FAST_MATH = YES;
				ONLY_ACTIVE_ARCH = YES;
				SDKROOT = iphoneos;
				SWIFT_ACTIVE_COMPILATION_CONDITIONS = DEBUG;
				SWIFT_OPTIMIZATION_LEVEL = "-Onone";
			};
			name = Debug;
		};
		F867957F2235D817002A126D /* Release */ = {
			isa = XCBuildConfiguration;
			buildSettings = {
				ALWAYS_SEARCH_USER_PATHS = NO;
				CLANG_ANALYZER_NONNULL = YES;
				CLANG_ANALYZER_NUMBER_OBJECT_CONVERSION = YES_AGGRESSIVE;
				CLANG_CXX_LANGUAGE_STANDARD = "gnu++14";
				CLANG_CXX_LIBRARY = "libc++";
				CLANG_ENABLE_MODULES = YES;
				CLANG_ENABLE_OBJC_ARC = YES;
				CLANG_ENABLE_OBJC_WEAK = YES;
				CLANG_WARN_BLOCK_CAPTURE_AUTORELEASING = YES;
				CLANG_WARN_BOOL_CONVERSION = YES;
				CLANG_WARN_COMMA = YES;
				CLANG_WARN_CONSTANT_CONVERSION = YES;
				CLANG_WARN_DEPRECATED_OBJC_IMPLEMENTATIONS = YES;
				CLANG_WARN_DIRECT_OBJC_ISA_USAGE = YES_ERROR;
				CLANG_WARN_DOCUMENTATION_COMMENTS = YES;
				CLANG_WARN_EMPTY_BODY = YES;
				CLANG_WARN_ENUM_CONVERSION = YES;
				CLANG_WARN_INFINITE_RECURSION = YES;
				CLANG_WARN_INT_CONVERSION = YES;
				CLANG_WARN_NON_LITERAL_NULL_CONVERSION = YES;
				CLANG_WARN_OBJC_IMPLICIT_RETAIN_SELF = YES;
				CLANG_WARN_OBJC_LITERAL_CONVERSION = YES;
				CLANG_WARN_OBJC_ROOT_CLASS = YES_ERROR;
				CLANG_WARN_RANGE_LOOP_ANALYSIS = YES;
				CLANG_WARN_STRICT_PROTOTYPES = YES;
				CLANG_WARN_SUSPICIOUS_MOVE = YES;
				CLANG_WARN_UNGUARDED_AVAILABILITY = YES_AGGRESSIVE;
				CLANG_WARN_UNREACHABLE_CODE = YES;
				CLANG_WARN__DUPLICATE_METHOD_MATCH = YES;
				CODE_SIGN_IDENTITY = "iPhone Developer";
				COPY_PHASE_STRIP = NO;
				DEBUG_INFORMATION_FORMAT = "dwarf-with-dsym";
				ENABLE_NS_ASSERTIONS = NO;
				ENABLE_STRICT_OBJC_MSGSEND = YES;
				GCC_C_LANGUAGE_STANDARD = gnu11;
				GCC_NO_COMMON_BLOCKS = YES;
				GCC_WARN_64_TO_32_BIT_CONVERSION = YES;
				GCC_WARN_ABOUT_RETURN_TYPE = YES_ERROR;
				GCC_WARN_UNDECLARED_SELECTOR = YES;
				GCC_WARN_UNINITIALIZED_AUTOS = YES_AGGRESSIVE;
				GCC_WARN_UNUSED_FUNCTION = YES;
				GCC_WARN_UNUSED_VARIABLE = YES;
				IPHONEOS_DEPLOYMENT_TARGET = 12.1;
				MTL_ENABLE_DEBUG_INFO = NO;
				MTL_FAST_MATH = YES;
				SDKROOT = iphoneos;
				SWIFT_COMPILATION_MODE = wholemodule;
				SWIFT_OPTIMIZATION_LEVEL = "-O";
				VALIDATE_PRODUCT = YES;
			};
			name = Release;
		};
		F86795812235D817002A126D /* Debug */ = {
			isa = XCBuildConfiguration;
			buildSettings = {
				ASSETCATALOG_COMPILER_APPICON_NAME = AppIcon;
				CODE_SIGN_STYLE = Automatic;
				DEVELOPMENT_TEAM = A6586955H9;
				INFOPLIST_FILE = "Simple Exercise Timer/Info.plist";
				LD_RUNPATH_SEARCH_PATHS = (
					"$(inherited)",
					"@executable_path/Frameworks",
				);
				PRODUCT_BUNDLE_IDENTIFIER = "com.arhanbusam.Simple-Exercise-Timer";
				PRODUCT_NAME = "$(TARGET_NAME)";
				SWIFT_VERSION = 4.2;
				TARGETED_DEVICE_FAMILY = "1,2";
			};
			name = Debug;
		};
		F86795822235D817002A126D /* Release */ = {
			isa = XCBuildConfiguration;
			buildSettings = {
				ASSETCATALOG_COMPILER_APPICON_NAME = AppIcon;
				CODE_SIGN_STYLE = Automatic;
				DEVELOPMENT_TEAM = A6586955H9;
				INFOPLIST_FILE = "Simple Exercise Timer/Info.plist";
				LD_RUNPATH_SEARCH_PATHS = (
					"$(inherited)",
					"@executable_path/Frameworks",
				);
				PRODUCT_BUNDLE_IDENTIFIER = "com.arhanbusam.Simple-Exercise-Timer";
				PRODUCT_NAME = "$(TARGET_NAME)";
				SWIFT_VERSION = 4.2;
				TARGETED_DEVICE_FAMILY = "1,2";
			};
			name = Release;
		};
/* End XCBuildConfiguration section */

/* Begin XCConfigurationList section */
		F86795692235D815002A126D /* Build configuration list for PBXProject "Simple Exercise Timer" */ = {
			isa = XCConfigurationList;
			buildConfigurations = (
				F867957E2235D817002A126D /* Debug */,
				F867957F2235D817002A126D /* Release */,
			);
			defaultConfigurationIsVisible = 0;
			defaultConfigurationName = Release;
		};
		F86795802235D817002A126D /* Build configuration list for PBXNativeTarget "Simple Exercise Timer" */ = {
			isa = XCConfigurationList;
			buildConfigurations = (
				F86795812235D817002A126D /* Debug */,
				F86795822235D817002A126D /* Release */,
			);
			defaultConfigurationIsVisible = 0;
			defaultConfigurationName = Release;
		};
/* End XCConfigurationList section */
	};
	rootObject = F86795662235D815002A126D /* Project object */;
}
