// !$*UTF8*$!
{
	archiveVersion = 1;
	classes = {
	};
	objectVersion = 50;
	objects = {

/* Begin PBXBuildFile section */
		D2D451950D4DE0AD2D562BBE /* Pods_Simple_Exersice_Timer.framework in Frameworks */ = {isa = PBXBuildFile; fileRef = E6989BB9EEA7A31E91F451DC /* Pods_Simple_Exersice_Timer.framework */; };
		F876E1522235DC24003AC6B7 /* AppDelegate.swift in Sources */ = {isa = PBXBuildFile; fileRef = F876E1512235DC24003AC6B7 /* AppDelegate.swift */; };
		F876E1542235DC24003AC6B7 /* StartTimerViewController.swift in Sources */ = {isa = PBXBuildFile; fileRef = F876E1532235DC24003AC6B7 /* StartTimerViewController.swift */; };
		F876E1572235DC24003AC6B7 /* Main.storyboard in Resources */ = {isa = PBXBuildFile; fileRef = F876E1552235DC24003AC6B7 /* Main.storyboard */; };
		F876E15C2235DC24003AC6B7 /* LaunchScreen.storyboard in Resources */ = {isa = PBXBuildFile; fileRef = F876E15A2235DC24003AC6B7 /* LaunchScreen.storyboard */; };
		F876E1642235DCB4003AC6B7 /* WorkoutViewController.swift in Sources */ = {isa = PBXBuildFile; fileRef = F876E1632235DCB4003AC6B7 /* WorkoutViewController.swift */; };
		F876E1932235DD69003AC6B7 /* Assets.xcassets in Resources */ = {isa = PBXBuildFile; fileRef = F876E1922235DD69003AC6B7 /* Assets.xcassets */; };
		F876E1962235DDD3003AC6B7 /* Censored_Beep-Mastercard-569981218.mp3 in Resources */ = {isa = PBXBuildFile; fileRef = F876E1942235DDD3003AC6B7 /* Censored_Beep-Mastercard-569981218.mp3 */; };
		F876E1972235DDD3003AC6B7 /* Bleep-noise.mp3 in Resources */ = {isa = PBXBuildFile; fileRef = F876E1952235DDD3003AC6B7 /* Bleep-noise.mp3 */; };
/* End PBXBuildFile section */

/* Begin PBXFileReference section */
		383C41DC95286A5E7E7F7600 /* Pods-Simple Exersice Timer.debug.xcconfig */ = {isa = PBXFileReference; includeInIndex = 1; lastKnownFileType = text.xcconfig; name = "Pods-Simple Exersice Timer.debug.xcconfig"; path = "Target Support Files/Pods-Simple Exersice Timer/Pods-Simple Exersice Timer.debug.xcconfig"; sourceTree = "<group>"; };
		47ED943EDD04FB30909E62E7 /* Pods-Simple Exersice Timer.release.xcconfig */ = {isa = PBXFileReference; includeInIndex = 1; lastKnownFileType = text.xcconfig; name = "Pods-Simple Exersice Timer.release.xcconfig"; path = "Target Support Files/Pods-Simple Exersice Timer/Pods-Simple Exersice Timer.release.xcconfig"; sourceTree = "<group>"; };
		E6989BB9EEA7A31E91F451DC /* Pods_Simple_Exersice_Timer.framework */ = {isa = PBXFileReference; explicitFileType = wrapper.framework; includeInIndex = 0; path = Pods_Simple_Exersice_Timer.framework; sourceTree = BUILT_PRODUCTS_DIR; };
		F876E14E2235DC24003AC6B7 /* Simple Exersice Timer.app */ = {isa = PBXFileReference; explicitFileType = wrapper.application; includeInIndex = 0; path = "Simple Exersice Timer.app"; sourceTree = BUILT_PRODUCTS_DIR; };
		F876E1512235DC24003AC6B7 /* AppDelegate.swift */ = {isa = PBXFileReference; lastKnownFileType = sourcecode.swift; path = AppDelegate.swift; sourceTree = "<group>"; };
		F876E1532235DC24003AC6B7 /* StartTimerViewController.swift */ = {isa = PBXFileReference; lastKnownFileType = sourcecode.swift; path = StartTimerViewController.swift; sourceTree = "<group>"; };
		F876E1562235DC24003AC6B7 /* Base */ = {isa = PBXFileReference; lastKnownFileType = file.storyboard; name = Base; path = Base.lproj/Main.storyboard; sourceTree = "<group>"; };
		F876E15B2235DC24003AC6B7 /* Base */ = {isa = PBXFileReference; lastKnownFileType = file.storyboard; name = Base; path = Base.lproj/LaunchScreen.storyboard; sourceTree = "<group>"; };
		F876E15D2235DC24003AC6B7 /* Info.plist */ = {isa = PBXFileReference; lastKnownFileType = text.plist.xml; path = Info.plist; sourceTree = "<group>"; };
		F876E1632235DCB4003AC6B7 /* WorkoutViewController.swift */ = {isa = PBXFileReference; fileEncoding = 4; lastKnownFileType = sourcecode.swift; path = WorkoutViewController.swift; sourceTree = "<group>"; };
		F876E1922235DD69003AC6B7 /* Assets.xcassets */ = {isa = PBXFileReference; lastKnownFileType = folder.assetcatalog; path = Assets.xcassets; sourceTree = "<group>"; };
		F876E1942235DDD3003AC6B7 /* Censored_Beep-Mastercard-569981218.mp3 */ = {isa = PBXFileReference; lastKnownFileType = audio.mp3; path = "Censored_Beep-Mastercard-569981218.mp3"; sourceTree = "<group>"; };
		F876E1952235DDD3003AC6B7 /* Bleep-noise.mp3 */ = {isa = PBXFileReference; lastKnownFileType = audio.mp3; path = "Bleep-noise.mp3"; sourceTree = "<group>"; };
/* End PBXFileReference section */

/* Begin PBXFrameworksBuildPhase section */
		F876E14B2235DC24003AC6B7 /* Frameworks */ = {
			isa = PBXFrameworksBuildPhase;
			buildActionMask = 2147483647;
			files = (
				D2D451950D4DE0AD2D562BBE /* Pods_Simple_Exersice_Timer.framework in Frameworks */,
			);
			runOnlyForDeploymentPostprocessing = 0;
		};
/* End PBXFrameworksBuildPhase section */

/* Begin PBXGroup section */
		44A1093A0B930F3D72725A3C /* Frameworks */ = {
			isa = PBXGroup;
			children = (
				E6989BB9EEA7A31E91F451DC /* Pods_Simple_Exersice_Timer.framework */,
			);
			name = Frameworks;
			sourceTree = "<group>";
		};
		B0CCF51046EE71072C34AF67 /* Pods */ = {
			isa = PBXGroup;
			children = (
				383C41DC95286A5E7E7F7600 /* Pods-Simple Exersice Timer.debug.xcconfig */,
				47ED943EDD04FB30909E62E7 /* Pods-Simple Exersice Timer.release.xcconfig */,
			);
			path = Pods;
			sourceTree = "<group>";
		};
		F876E1452235DC23003AC6B7 = {
			isa = PBXGroup;
			children = (
				F876E1502235DC24003AC6B7 /* Simple Exersice Timer */,
				F876E14F2235DC24003AC6B7 /* Products */,
				B0CCF51046EE71072C34AF67 /* Pods */,
				44A1093A0B930F3D72725A3C /* Frameworks */,
			);
			sourceTree = "<group>";
		};
		F876E14F2235DC24003AC6B7 /* Products */ = {
			isa = PBXGroup;
			children = (
				F876E14E2235DC24003AC6B7 /* Simple Exersice Timer.app */,
			);
			name = Products;
			sourceTree = "<group>";
		};
		F876E1502235DC24003AC6B7 /* Simple Exersice Timer */ = {
			isa = PBXGroup;
			children = (
				F876E1512235DC24003AC6B7 /* AppDelegate.swift */,
				F876E1532235DC24003AC6B7 /* StartTimerViewController.swift */,
				F876E1632235DCB4003AC6B7 /* WorkoutViewController.swift */,
				F876E1922235DD69003AC6B7 /* Assets.xcassets */,
				F876E1552235DC24003AC6B7 /* Main.storyboard */,
				F876E15A2235DC24003AC6B7 /* LaunchScreen.storyboard */,
				F876E1952235DDD3003AC6B7 /* Bleep-noise.mp3 */,
				F876E1942235DDD3003AC6B7 /* Censored_Beep-Mastercard-569981218.mp3 */,
				F876E15D2235DC24003AC6B7 /* Info.plist */,
			);
			path = "Simple Exersice Timer";
			sourceTree = "<group>";
		};
/* End PBXGroup section */

/* Begin PBXNativeTarget section */
		F876E14D2235DC24003AC6B7 /* Simple Exersice Timer */ = {
			isa = PBXNativeTarget;
			buildConfigurationList = F876E1602235DC24003AC6B7 /* Build configuration list for PBXNativeTarget "Simple Exersice Timer" */;
			buildPhases = (
				EE1D824913798F7FF3143E39 /* [CP] Check Pods Manifest.lock */,
				F876E14A2235DC24003AC6B7 /* Sources */,
				F876E14B2235DC24003AC6B7 /* Frameworks */,
				F876E14C2235DC24003AC6B7 /* Resources */,
				95D580A718C5F82DEBA5357A /* [CP] Embed Pods Frameworks */,
			);
			buildRules = (
			);
			dependencies = (
			);
			name = "Simple Exersice Timer";
			productName = "Simple Exersice Timer";
			productReference = F876E14E2235DC24003AC6B7 /* Simple Exersice Timer.app */;
			productType = "com.apple.product-type.application";
		};
/* End PBXNativeTarget section */

/* Begin PBXProject section */
		F876E1462235DC23003AC6B7 /* Project object */ = {
			isa = PBXProject;
			attributes = {
				LastSwiftUpdateCheck = 1010;
				LastUpgradeCheck = 1010;
				ORGANIZATIONNAME = "Arhan Busam";
				TargetAttributes = {
					F876E14D2235DC24003AC6B7 = {
						CreatedOnToolsVersion = 10.1;
						LastSwiftMigration = 1020;
						SystemCapabilities = {
							com.apple.Push = {
								enabled = 0;
							};
						};
					};
				};
			};
			buildConfigurationList = F876E1492235DC23003AC6B7 /* Build configuration list for PBXProject "Simple Exersice Timer" */;
			compatibilityVersion = "Xcode 9.3";
			developmentRegion = en;
			hasScannedForEncodings = 0;
			knownRegions = (
				en,
				Base,
			);
			mainGroup = F876E1452235DC23003AC6B7;
			productRefGroup = F876E14F2235DC24003AC6B7 /* Products */;
			projectDirPath = "";
			projectRoot = "";
			targets = (
				F876E14D2235DC24003AC6B7 /* Simple Exersice Timer */,
			);
		};
/* End PBXProject section */

/* Begin PBXResourcesBuildPhase section */
		F876E14C2235DC24003AC6B7 /* Resources */ = {
			isa = PBXResourcesBuildPhase;
			buildActionMask = 2147483647;
			files = (
				F876E15C2235DC24003AC6B7 /* LaunchScreen.storyboard in Resources */,
				F876E1932235DD69003AC6B7 /* Assets.xcassets in Resources */,
				F876E1972235DDD3003AC6B7 /* Bleep-noise.mp3 in Resources */,
				F876E1572235DC24003AC6B7 /* Main.storyboard in Resources */,
				F876E1962235DDD3003AC6B7 /* Censored_Beep-Mastercard-569981218.mp3 in Resources */,
			);
			runOnlyForDeploymentPostprocessing = 0;
		};
/* End PBXResourcesBuildPhase section */

/* Begin PBXShellScriptBuildPhase section */
		95D580A718C5F82DEBA5357A /* [CP] Embed Pods Frameworks */ = {
			isa = PBXShellScriptBuildPhase;
			buildActionMask = 2147483647;
			files = (
			);
			inputFileListPaths = (
			);
			inputPaths = (
				"${PODS_ROOT}/Target Support Files/Pods-Simple Exersice Timer/Pods-Simple Exersice Timer-frameworks.sh",
				"${BUILT_PRODUCTS_DIR}/ChameleonFramework/ChameleonFramework.framework",
				"${BUILT_PRODUCTS_DIR}/SVProgressHUD/SVProgressHUD.framework",
			);
			name = "[CP] Embed Pods Frameworks";
			outputFileListPaths = (
			);
			outputPaths = (
				"${TARGET_BUILD_DIR}/${FRAMEWORKS_FOLDER_PATH}/ChameleonFramework.framework",
				"${TARGET_BUILD_DIR}/${FRAMEWORKS_FOLDER_PATH}/SVProgressHUD.framework",
			);
			runOnlyForDeploymentPostprocessing = 0;
			shellPath = /bin/sh;
			shellScript = "\"${PODS_ROOT}/Target Support Files/Pods-Simple Exersice Timer/Pods-Simple Exersice Timer-frameworks.sh\"\n";
			showEnvVarsInLog = 0;
		};
		EE1D824913798F7FF3143E39 /* [CP] Check Pods Manifest.lock */ = {
			isa = PBXShellScriptBuildPhase;
			buildActionMask = 2147483647;
			files = (
			);
			inputFileListPaths = (
			);
			inputPaths = (
				"${PODS_PODFILE_DIR_PATH}/Podfile.lock",
				"${PODS_ROOT}/Manifest.lock",
			);
			name = "[CP] Check Pods Manifest.lock";
			outputFileListPaths = (
			);
			outputPaths = (
				"$(DERIVED_FILE_DIR)/Pods-Simple Exersice Timer-checkManifestLockResult.txt",
			);
			runOnlyForDeploymentPostprocessing = 0;
			shellPath = /bin/sh;
			shellScript = "diff \"${PODS_PODFILE_DIR_PATH}/Podfile.lock\" \"${PODS_ROOT}/Manifest.lock\" > /dev/null\nif [ $? != 0 ] ; then\n    # print error to STDERR\n    echo \"error: The sandbox is not in sync with the Podfile.lock. Run 'pod install' or update your CocoaPods installation.\" >&2\n    exit 1\nfi\n# This output is used by Xcode 'outputs' to avoid re-running this script phase.\necho \"SUCCESS\" > \"${SCRIPT_OUTPUT_FILE_0}\"\n";
			showEnvVarsInLog = 0;
		};
/* End PBXShellScriptBuildPhase section */

/* Begin PBXSourcesBuildPhase section */
		F876E14A2235DC24003AC6B7 /* Sources */ = {
			isa = PBXSourcesBuildPhase;
			buildActionMask = 2147483647;
			files = (
				F876E1642235DCB4003AC6B7 /* WorkoutViewController.swift in Sources */,
				F876E1542235DC24003AC6B7 /* StartTimerViewController.swift in Sources */,
				F876E1522235DC24003AC6B7 /* AppDelegate.swift in Sources */,
			);
			runOnlyForDeploymentPostprocessing = 0;
		};
/* End PBXSourcesBuildPhase section */

/* Begin PBXVariantGroup section */
		F876E1552235DC24003AC6B7 /* Main.storyboard */ = {
			isa = PBXVariantGroup;
			children = (
				F876E1562235DC24003AC6B7 /* Base */,
			);
			name = Main.storyboard;
			sourceTree = "<group>";
		};
		F876E15A2235DC24003AC6B7 /* LaunchScreen.storyboard */ = {
			isa = PBXVariantGroup;
			children = (
				F876E15B2235DC24003AC6B7 /* Base */,
			);
			name = LaunchScreen.storyboard;
			sourceTree = "<group>";
		};
/* End PBXVariantGroup section */

/* Begin XCBuildConfiguration section */
		F876E15E2235DC24003AC6B7 /* Debug */ = {
			isa = XCBuildConfiguration;
			buildSettings = {
				ALWAYS_SEARCH_USER_PATHS = NO;
				CLANG_ANALYZER_NONNULL = YES;
				CLANG_ANALYZER_NUMBER_OBJECT_CONVERSION = YES_AGGRESSIVE;
				CLANG_CXX_LANGUAGE_STANDARD = "gnu++14";
				CLANG_CXX_LIBRARY = "libc++";
				CLANG_ENABLE_MODULES = YES;
				CLANG_ENABLE_OBJC_ARC = YES;
				CLANG_ENABLE_OBJC_WEAK = YES;
				CLANG_WARN_BLOCK_CAPTURE_AUTORELEASING = YES;
				CLANG_WARN_BOOL_CONVERSION = YES;
				CLANG_WARN_COMMA = YES;
				CLANG_WARN_CONSTANT_CONVERSION = YES;
				CLANG_WARN_DEPRECATED_OBJC_IMPLEMENTATIONS = YES;
				CLANG_WARN_DIRECT_OBJC_ISA_USAGE = YES_ERROR;
				CLANG_WARN_DOCUMENTATION_COMMENTS = YES;
				CLANG_WARN_EMPTY_BODY = YES;
				CLANG_WARN_ENUM_CONVERSION = YES;
				CLANG_WARN_INFINITE_RECURSION = YES;
				CLANG_WARN_INT_CONVERSION = YES;
				CLANG_WARN_NON_LITERAL_NULL_CONVERSION = YES;
				CLANG_WARN_OBJC_IMPLICIT_RETAIN_SELF = YES;
				CLANG_WARN_OBJC_LITERAL_CONVERSION = YES;
				CLANG_WARN_OBJC_ROOT_CLASS = YES_ERROR;
				CLANG_WARN_RANGE_LOOP_ANALYSIS = YES;
				CLANG_WARN_STRICT_PROTOTYPES = YES;
				CLANG_WARN_SUSPICIOUS_MOVE = YES;
				CLANG_WARN_UNGUARDED_AVAILABILITY = YES_AGGRESSIVE;
				CLANG_WARN_UNREACHABLE_CODE = YES;
				CLANG_WARN__DUPLICATE_METHOD_MATCH = YES;
				CODE_SIGN_IDENTITY = "iPhone Developer";
				COPY_PHASE_STRIP = NO;
				DEBUG_INFORMATION_FORMAT = dwarf;
				ENABLE_STRICT_OBJC_MSGSEND = YES;
				ENABLE_TESTABILITY = YES;
				GCC_C_LANGUAGE_STANDARD = gnu11;
				GCC_DYNAMIC_NO_PIC = NO;
				GCC_NO_COMMON_BLOCKS = YES;
				GCC_OPTIMIZATION_LEVEL = 0;
				GCC_PREPROCESSOR_DEFINITIONS = (
					"DEBUG=1",
					"$(inherited)",
				);
				GCC_WARN_64_TO_32_BIT_CONVERSION = YES;
				GCC_WARN_ABOUT_RETURN_TYPE = YES_ERROR;
				GCC_WARN_UNDECLARED_SELECTOR = YES;
				GCC_WARN_UNINITIALIZED_AUTOS = YES_AGGRESSIVE;
				GCC_WARN_UNUSED_FUNCTION = YES;
				GCC_WARN_UNUSED_VARIABLE = YES;
				IPHONEOS_DEPLOYMENT_TARGET = 12.1;
				MTL_ENABLE_DEBUG_INFO = INCLUDE_SOURCE;
				MTL_FAST_MATH = YES;
				ONLY_ACTIVE_ARCH = YES;
				SDKROOT = iphoneos;
				SWIFT_ACTIVE_COMPILATION_CONDITIONS = DEBUG;
				SWIFT_OPTIMIZATION_LEVEL = "-Onone";
			};
			name = Debug;
		};
		F876E15F2235DC24003AC6B7 /* Release */ = {
			isa = XCBuildConfiguration;
			buildSettings = {
				ALWAYS_SEARCH_USER_PATHS = NO;
				CLANG_ANALYZER_NONNULL = YES;
				CLANG_ANALYZER_NUMBER_OBJECT_CONVERSION = YES_AGGRESSIVE;
				CLANG_CXX_LANGUAGE_STANDARD = "gnu++14";
				CLANG_CXX_LIBRARY = "libc++";
				CLANG_ENABLE_MODULES = YES;
				CLANG_ENABLE_OBJC_ARC = YES;
				CLANG_ENABLE_OBJC_WEAK = YES;
				CLANG_WARN_BLOCK_CAPTURE_AUTORELEASING = YES;
				CLANG_WARN_BOOL_CONVERSION = YES;
				CLANG_WARN_COMMA = YES;
				CLANG_WARN_CONSTANT_CONVERSION = YES;
				CLANG_WARN_DEPRECATED_OBJC_IMPLEMENTATIONS = YES;
				CLANG_WARN_DIRECT_OBJC_ISA_USAGE = YES_ERROR;
				CLANG_WARN_DOCUMENTATION_COMMENTS = YES;
				CLANG_WARN_EMPTY_BODY = YES;
				CLANG_WARN_ENUM_CONVERSION = YES;
				CLANG_WARN_INFINITE_RECURSION = YES;
				CLANG_WARN_INT_CONVERSION = YES;
				CLANG_WARN_NON_LITERAL_NULL_CONVERSION = YES;
				CLANG_WARN_OBJC_IMPLICIT_RETAIN_SELF = YES;
				CLANG_WARN_OBJC_LITERAL_CONVERSION = YES;
				CLANG_WARN_OBJC_ROOT_CLASS = YES_ERROR;
				CLANG_WARN_RANGE_LOOP_ANALYSIS = YES;
				CLANG_WARN_STRICT_PROTOTYPES = YES;
				CLANG_WARN_SUSPICIOUS_MOVE = YES;
				CLANG_WARN_UNGUARDED_AVAILABILITY = YES_AGGRESSIVE;
				CLANG_WARN_UNREACHABLE_CODE = YES;
				CLANG_WARN__DUPLICATE_METHOD_MATCH = YES;
				CODE_SIGN_IDENTITY = "iPhone Developer";
				COPY_PHASE_STRIP = NO;
				DEBUG_INFORMATION_FORMAT = "dwarf-with-dsym";
				ENABLE_NS_ASSERTIONS = NO;
				ENABLE_STRICT_OBJC_MSGSEND = YES;
				GCC_C_LANGUAGE_STANDARD = gnu11;
				GCC_NO_COMMON_BLOCKS = YES;
				GCC_WARN_64_TO_32_BIT_CONVERSION = YES;
				GCC_WARN_ABOUT_RETURN_TYPE = YES_ERROR;
				GCC_WARN_UNDECLARED_SELECTOR = YES;
				GCC_WARN_UNINITIALIZED_AUTOS = YES_AGGRESSIVE;
				GCC_WARN_UNUSED_FUNCTION = YES;
				GCC_WARN_UNUSED_VARIABLE = YES;
				IPHONEOS_DEPLOYMENT_TARGET = 12.1;
				MTL_ENABLE_DEBUG_INFO = NO;
				MTL_FAST_MATH = YES;
				SDKROOT = iphoneos;
				SWIFT_COMPILATION_MODE = wholemodule;
				SWIFT_OPTIMIZATION_LEVEL = "-O";
				VALIDATE_PRODUCT = YES;
			};
			name = Release;
		};
		F876E1612235DC24003AC6B7 /* Debug */ = {
			isa = XCBuildConfiguration;
			baseConfigurationReference = 383C41DC95286A5E7E7F7600 /* Pods-Simple Exersice Timer.debug.xcconfig */;
			buildSettings = {
				ASSETCATALOG_COMPILER_APPICON_NAME = AppIcon;
				CODE_SIGN_STYLE = Automatic;
				DEVELOPMENT_TEAM = A6586955H9;
				INFOPLIST_FILE = "Simple Exersice Timer/Info.plist";
				LD_RUNPATH_SEARCH_PATHS = (
					"$(inherited)",
					"@executable_path/Frameworks",
				);
				PRODUCT_BUNDLE_IDENTIFIER = "com.arhanbusam.Simple-Exercise-Timer";
				PRODUCT_NAME = "$(TARGET_NAME)";
				SWIFT_VERSION = 5.0;
				TARGETED_DEVICE_FAMILY = "1,2";
			};
			name = Debug;
		};
		F876E1622235DC24003AC6B7 /* Release */ = {
			isa = XCBuildConfiguration;
			baseConfigurationReference = 47ED943EDD04FB30909E62E7 /* Pods-Simple Exersice Timer.release.xcconfig */;
			buildSettings = {
				ASSETCATALOG_COMPILER_APPICON_NAME = AppIcon;
				CODE_SIGN_STYLE = Automatic;
				DEVELOPMENT_TEAM = A6586955H9;
				INFOPLIST_FILE = "Simple Exersice Timer/Info.plist";
				LD_RUNPATH_SEARCH_PATHS = (
					"$(inherited)",
					"@executable_path/Frameworks",
				);
				PRODUCT_BUNDLE_IDENTIFIER = "com.arhanbusam.Simple-Exercise-Timer";
				PRODUCT_NAME = "$(TARGET_NAME)";
				SWIFT_VERSION = 5.0;
				TARGETED_DEVICE_FAMILY = "1,2";
			};
			name = Release;
		};
/* End XCBuildConfiguration section */

/* Begin XCConfigurationList section */
		F876E1492235DC23003AC6B7 /* Build configuration list for PBXProject "Simple Exersice Timer" */ = {
			isa = XCConfigurationList;
			buildConfigurations = (
				F876E15E2235DC24003AC6B7 /* Debug */,
				F876E15F2235DC24003AC6B7 /* Release */,
			);
			defaultConfigurationIsVisible = 0;
			defaultConfigurationName = Release;
		};
		F876E1602235DC24003AC6B7 /* Build configuration list for PBXNativeTarget "Simple Exersice Timer" */ = {
			isa = XCConfigurationList;
			buildConfigurations = (
				F876E1612235DC24003AC6B7 /* Debug */,
				F876E1622235DC24003AC6B7 /* Release */,
			);
			defaultConfigurationIsVisible = 0;
			defaultConfigurationName = Release;
		};
/* End XCConfigurationList section */
	};
	rootObject = F876E1462235DC23003AC6B7 /* Project object */;
}
